
Microsoft Visual Studio Solution File, Format Version 12.00
# Visual Studio 15
VisualStudioVersion = 15.0.28010.2046
MinimumVisualStudioVersion = 10.0.40219.1
Project("{FAE04EC0-301F-11D3-BF4B-00C04F79EFBC}") = "Interface", "Interface\Interface.csproj", "{B72A92E0-BCE7-4C59-B713-3D0B7E22D6CD}"
EndProject
Global
	GlobalSection(SolutionConfigurationPlatforms) = preSolution
		Debug|Any CPU = Debug|Any CPU
		Release|Any CPU = Release|Any CPU
	EndGlobalSection
	GlobalSection(ProjectConfigurationPlatforms) = postSolution
		{B72A92E0-BCE7-4C59-B713-3D0B7E22D6CD}.Debug|Any CPU.ActiveCfg = Debug|Any CPU
		{B72A92E0-BCE7-4C59-B713-3D0B7E22D6CD}.Debug|Any CPU.Build.0 = Debug|Any CPU
		{B72A92E0-BCE7-4C59-B713-3D0B7E22D6CD}.Release|Any CPU.ActiveCfg = Release|Any CPU
		{B72A92E0-BCE7-4C59-B713-3D0B7E22D6CD}.Release|Any CPU.Build.0 = Release|Any CPU
	EndGlobalSection
	GlobalSection(SolutionProperties) = preSolution
		HideSolutionNode = FALSE
	EndGlobalSection
	GlobalSection(ExtensibilityGlobals) = postSolution
		SolutionGuid = {6B0E974A-E12E-4C60-9A08-7C9F441C2E18}
	EndGlobalSection
EndGlobal
